{
  "name": "wet-boew",
  "version": "4.0.21-development",
  "dependencies": {
    "to": {
      "version": "0.2.9",
      "from": "to@>=0.2.9 <0.3.0",
      "resolved": "https://registry.npmjs.org/to/-/to-0.2.9.tgz",
      "dependencies": {
        "handy": {
          "version": "0.0.13",
          "from": "handy@>=0.0.11",
          "resolved": "https://registry.npmjs.org/handy/-/handy-0.0.13.tgz"
        }
      }
    }
  }
}
